# This file is automatically @generated by Poetry 1.8.3 and should not be changed by hand.

[[package]]
name = "bitarray"
version = "2.9.2"
description = "efficient arrays of booleans -- C extension"
optional = false
python-versions = "*"
files = [
    {file = "bitarray-2.9.2-cp310-cp310-macosx_10_9_universal2.whl", hash = "sha256:917905de565d9576eb20f53c797c15ba88b9f4f19728acabec8d01eee1d3756a"},
    {file = "bitarray-2.9.2-cp310-cp310-macosx_10_9_x86_64.whl", hash = "sha256:b35bfcb08b7693ab4bf9059111a6e9f14e07d57ac93cd967c420db58ab9b71e1"},
    {file = "bitarray-2.9.2-cp310-cp310-macosx_11_0_arm64.whl", hash = "sha256:ea1923d2e7880f9e1959e035da661767b5a2e16a45dfd57d6aa831e8b65ee1bf"},
    {file = "bitarray-2.9.2-cp310-cp310-manylinux_2_17_aarch64.manylinux2014_aarch64.whl", hash = "sha256:1e0b63a565e8a311cc8348ff1262d5784df0f79d64031d546411afd5dd7ef67d"},
    {file = "bitarray-2.9.2-cp310-cp310-manylinux_2_17_ppc64le.manylinux2014_ppc64le.whl", hash = "sha256:cf0620da2b81946d28c0b16f3e3704d38e9837d85ee4f0652816e2609aaa4fed"},
    {file = "bitarray-2.9.2-cp310-cp310-manylinux_2_17_s390x.manylinux2014_s390x.whl", hash = "sha256:79a9b8b05f2876c7195a2b698c47528e86a73c61ea203394ff8e7a4434bda5c8"},
    {file = "bitarray-2.9.2-cp310-cp310-manylinux_2_17_x86_64.manylinux2014_x86_64.whl", hash = "sha256:345c76b349ff145549652436235c5532e5bfe9db690db6f0a6ad301c62b9ef21"},
    {file = "bitarray-2.9.2-cp310-cp310-manylinux_2_5_i686.manylinux1_i686.manylinux_2_17_i686.manylinux2014_i686.whl", hash = "sha256:4e2936f090bf3f4d1771f44f9077ebccdbc0415d2b598d51a969afcb519df505"},
    {file = "bitarray-2.9.2-cp310-cp310-musllinux_1_1_aarch64.whl", hash = "sha256:f9346e98fc2abcef90b942973087e2462af6d3e3710e82938078d3493f7fef52"},
    {file = "bitarray-2.9.2-cp310-cp310-musllinux_1_1_i686.whl", hash = "sha256:e6ec283d4741befb86e8c3ea2e9ac1d17416c956d392107e45263e736954b1f7"},
    {file = "bitarray-2.9.2-cp310-cp310-musllinux_1_1_ppc64le.whl", hash = "sha256:962892646599529917ef26266091e4cb3077c88b93c3833a909d68dcc971c4e3"},
    {file = "bitarray-2.9.2-cp310-cp310-musllinux_1_1_s390x.whl", hash = "sha256:e8da5355d7d75a52df5b84750989e34e39919ec7e59fafc4c104cc1607ab2d31"},
    {file = "bitarray-2.9.2-cp310-cp310-musllinux_1_1_x86_64.whl", hash = "sha256:603e7d640e54ad764d2b4da6b61e126259af84f253a20f512dd10689566e5478"},
    {file = "bitarray-2.9.2-cp310-cp310-win32.whl", hash = "sha256:f00079f8e69d75c2a417de7961a77612bb77ef46c09bc74607d86de4740771ef"},
    {file = "bitarray-2.9.2-cp310-cp310-win_amd64.whl", hash = "sha256:1bb33673e7f7190a65f0a940c1ef63266abdb391f4a3e544a47542d40a81f536"},
    {file = "bitarray-2.9.2-cp311-cp311-macosx_10_9_universal2.whl", hash = "sha256:fe71fd4b76380c2772f96f1e53a524da7063645d647a4fcd3b651bdd80ca0f2e"},
    {file = "bitarray-2.9.2-cp311-cp311-macosx_10_9_x86_64.whl", hash = "sha256:d527172919cdea1e13994a66d9708a80c3d33dedcf2f0548e4925e600fef3a3a"},
    {file = "bitarray-2.9.2-cp311-cp311-macosx_11_0_arm64.whl", hash = "sha256:052c5073bdcaa9dd10628d99d37a2f33ec09364b86dd1f6281e2d9f8d3db3060"},
    {file = "bitarray-2.9.2-cp311-cp311-manylinux_2_17_aarch64.manylinux2014_aarch64.whl", hash = "sha256:e064caa55a6ed493aca1eda06f8b3f689778bc780a75e6ad7724642ba5dc62f7"},
    {file = "bitarray-2.9.2-cp311-cp311-manylinux_2_17_ppc64le.manylinux2014_ppc64le.whl", hash = "sha256:508069a04f658210fdeee85a7a0ca84db4bcc110cbb1d21f692caa13210f24a7"},
    {file = "bitarray-2.9.2-cp311-cp311-manylinux_2_17_s390x.manylinux2014_s390x.whl", hash = "sha256:4da73ebd537d75fa7bccfc2228fcaedea0803f21dd9d0bf0d3b67fef3c4af294"},
    {file = "bitarray-2.9.2-cp311-cp311-manylinux_2_17_x86_64.manylinux2014_x86_64.whl", hash = "sha256:5cb378eaa65cd43098f11ff5d27e48ee3b956d2c00d2d6b5bfc2a09fe183be47"},
    {file = "bitarray-2.9.2-cp311-cp311-manylinux_2_5_i686.manylinux1_i686.manylinux_2_17_i686.manylinux2014_i686.whl", hash = "sha256:d14c790b91f6cbcd9b718f88ed737c78939980c69ac8c7f03dd7e60040c12951"},
    {file = "bitarray-2.9.2-cp311-cp311-musllinux_1_1_aarch64.whl", hash = "sha256:7eea9318293bc0ea6447e9ebfba600a62f3428bea7e9c6d42170ae4f481dbab3"},
    {file = "bitarray-2.9.2-cp311-cp311-musllinux_1_1_i686.whl", hash = "sha256:b76ffec27c7450b8a334f967366a9ebadaea66ee43f5b530c12861b1a991f503"},
    {file = "bitarray-2.9.2-cp311-cp311-musllinux_1_1_ppc64le.whl", hash = "sha256:76b76a07d4ee611405045c6950a1e24c4362b6b44808d4ad6eea75e0dbc59af4"},
    {file = "bitarray-2.9.2-cp311-cp311-musllinux_1_1_s390x.whl", hash = "sha256:c7d16beeaaab15b075990cd26963d6b5b22e8c5becd131781514a00b8bdd04bd"},
    {file = "bitarray-2.9.2-cp311-cp311-musllinux_1_1_x86_64.whl", hash = "sha256:60df43e868a615c7e15117a1e1c2e5e11f48f6457280eba6ddf8fbefbec7da99"},
    {file = "bitarray-2.9.2-cp311-cp311-win32.whl", hash = "sha256:e788608ed7767b7b3bbde6d49058bccdf94df0de9ca75d13aa99020cc7e68095"},
    {file = "bitarray-2.9.2-cp311-cp311-win_amd64.whl", hash = "sha256:a23397da092ef0a8cfe729571da64c2fc30ac18243caa82ac7c4f965087506ff"},
    {file = "bitarray-2.9.2-cp312-cp312-macosx_10_9_universal2.whl", hash = "sha256:90e3a281ffe3897991091b7c46fca38c2675bfd4399ffe79dfeded6c52715436"},
    {file = "bitarray-2.9.2-cp312-cp312-macosx_10_9_x86_64.whl", hash = "sha256:bed637b674db5e6c8a97a4a321e3e4d73e72d50b5c6b29950008a93069cc64cd"},
    {file = "bitarray-2.9.2-cp312-cp312-macosx_11_0_arm64.whl", hash = "sha256:e49066d251dbbe4e6e3a5c3937d85b589e40e2669ad0eef41a00f82ec17d844b"},
    {file = "bitarray-2.9.2-cp312-cp312-manylinux_2_17_aarch64.manylinux2014_aarch64.whl", hash = "sha256:3c4344e96642e2211fb3a50558feff682c31563a4c64529a931769d40832ca79"},
    {file = "bitarray-2.9.2-cp312-cp312-manylinux_2_17_ppc64le.manylinux2014_ppc64le.whl", hash = "sha256:aeb60962ec4813c539a59fbd4f383509c7222b62c3fb1faa76b54943a613e33a"},
    {file = "bitarray-2.9.2-cp312-cp312-manylinux_2_17_s390x.manylinux2014_s390x.whl", hash = "sha256:ed0f7982f10581bb16553719e5e8f933e003f5b22f7d25a68bdb30fac630a6ff"},
    {file = "bitarray-2.9.2-cp312-cp312-manylinux_2_17_x86_64.manylinux2014_x86_64.whl", hash = "sha256:c71d1cabdeee0cdda4669168618f0e46b7dace207b29da7b63aaa1adc2b54081"},
    {file = "bitarray-2.9.2-cp312-cp312-manylinux_2_5_i686.manylinux1_i686.manylinux_2_17_i686.manylinux2014_i686.whl", hash = "sha256:b0ef2d0a6f1502d38d911d25609b44c6cc27bee0a4363dd295df78b075041b60"},
    {file = "bitarray-2.9.2-cp312-cp312-musllinux_1_1_aarch64.whl", hash = "sha256:6f71d92f533770fb027388b35b6e11988ab89242b883f48a6fe7202d238c61f8"},
    {file = "bitarray-2.9.2-cp312-cp312-musllinux_1_1_i686.whl", hash = "sha256:ba0734aa300757c924f3faf8148e1b8c247176a0ac8e16aefdf9c1eb19e868f7"},
    {file = "bitarray-2.9.2-cp312-cp312-musllinux_1_1_ppc64le.whl", hash = "sha256:d91406f413ccbf4af6ab5ae7bc78f772a95609f9ddd14123db36ef8c37116d95"},
    {file = "bitarray-2.9.2-cp312-cp312-musllinux_1_1_s390x.whl", hash = "sha256:87abb7f80c0a042f3fe8e5264da1a2756267450bb602110d5327b8eaff7682e7"},
    {file = "bitarray-2.9.2-cp312-cp312-musllinux_1_1_x86_64.whl", hash = "sha256:4b558ce85579b51a2e38703877d1e93b7728a7af664dd45a34e833534f0b755d"},
    {file = "bitarray-2.9.2-cp312-cp312-win32.whl", hash = "sha256:dac2399ee2889fbdd3472bfc2ede74c34cceb1ccf29a339964281a16eb1d3188"},
    {file = "bitarray-2.9.2-cp312-cp312-win_amd64.whl", hash = "sha256:48a30d718d1a6dfc22a49547450107abe8f4afdf2abdcbe76eb9ed88edc49498"},
    {file = "bitarray-2.9.2-cp36-cp36m-macosx_10_9_x86_64.whl", hash = "sha256:2c6be1b651fad8f3adb7a5aa12c65b612cd9b89530969af941844ae680f7d981"},
    {file = "bitarray-2.9.2-cp36-cp36m-manylinux_2_17_aarch64.manylinux2014_aarch64.whl", hash = "sha256:c5b399ae6ab975257ec359f03b48fc00b1c1cd109471e41903548469b8feae5c"},
    {file = "bitarray-2.9.2-cp36-cp36m-manylinux_2_17_ppc64le.manylinux2014_ppc64le.whl", hash = "sha256:0b3543c8a1cb286ad105f11c25d8d0f712f41c5c55f90be39f0e5a1376c7d0b0"},
    {file = "bitarray-2.9.2-cp36-cp36m-manylinux_2_17_s390x.manylinux2014_s390x.whl", hash = "sha256:03adaacb79e2fb8f483ab3a67665eec53bb3fd0cd5dbd7358741aef124688db3"},
    {file = "bitarray-2.9.2-cp36-cp36m-manylinux_2_17_x86_64.manylinux2014_x86_64.whl", hash = "sha256:9ae5b0657380d2581e13e46864d147a52c1e2bbac9f59b59c576e42fa7d10cf0"},
    {file = "bitarray-2.9.2-cp36-cp36m-manylinux_2_5_i686.manylinux1_i686.manylinux_2_17_i686.manylinux2014_i686.whl", hash = "sha256:7c1f4bf6ea8eb9d7f30808c2e9894237a96650adfecbf5f3643862dc5982f89e"},
    {file = "bitarray-2.9.2-cp36-cp36m-musllinux_1_1_aarch64.whl", hash = "sha256:a8873089be2aa15494c0f81af1209f6e1237d762c5065bc4766c1b84321e1b50"},
    {file = "bitarray-2.9.2-cp36-cp36m-musllinux_1_1_i686.whl", hash = "sha256:677e67f50e2559efc677a4366707070933ad5418b8347a603a49a070890b19bc"},
    {file = "bitarray-2.9.2-cp36-cp36m-musllinux_1_1_ppc64le.whl", hash = "sha256:a620d8ce4ea2f1c73c6b6b1399e14cb68c6915e2be3fad5808c2998ed55b4acf"},
    {file = "bitarray-2.9.2-cp36-cp36m-musllinux_1_1_s390x.whl", hash = "sha256:64115ccabbdbe279c24c367b629c6b1d3da9ed36c7420129e27c338a3971bfee"},
    {file = "bitarray-2.9.2-cp36-cp36m-musllinux_1_1_x86_64.whl", hash = "sha256:5d6fb422772e75385b76ad1c52f45a68bd4efafd8be8d0061c11877be74c4d43"},
    {file = "bitarray-2.9.2-cp36-cp36m-win32.whl", hash = "sha256:852e202875dd6dfd6139ce7ec4e98dac2b17d8d25934dc99900831e81c3adaef"},
    {file = "bitarray-2.9.2-cp36-cp36m-win_amd64.whl", hash = "sha256:7dfefdcb0dc6a3ba9936063cec65a74595571b375beabe18742b3d91d087eefd"},
    {file = "bitarray-2.9.2-cp37-cp37m-macosx_10_9_x86_64.whl", hash = "sha256:b306c4cf66912511422060f7f5e1149c8bdb404f8e00e600561b0749fdd45659"},
    {file = "bitarray-2.9.2-cp37-cp37m-manylinux_2_17_aarch64.manylinux2014_aarch64.whl", hash = "sha256:a09c4f81635408e3387348f415521d4b94198c562c23330f560596a6aaa26eaf"},
    {file = "bitarray-2.9.2-cp37-cp37m-manylinux_2_17_ppc64le.manylinux2014_ppc64le.whl", hash = "sha256:5361413fd2ecfdf44dc8f065177dc6aba97fa80a91b815586cb388763acf7f8d"},
    {file = "bitarray-2.9.2-cp37-cp37m-manylinux_2_17_s390x.manylinux2014_s390x.whl", hash = "sha256:e8a9475d415ef1eaae7942df6f780fa4dcd48fce32825eda591a17abba869299"},
    {file = "bitarray-2.9.2-cp37-cp37m-manylinux_2_17_x86_64.manylinux2014_x86_64.whl", hash = "sha256:c9b87baa7bfff9a5878fcc1bffe49ecde6e647a72a64b39a69cd8a2992a43a34"},
    {file = "bitarray-2.9.2-cp37-cp37m-manylinux_2_5_i686.manylinux1_i686.manylinux_2_17_i686.manylinux2014_i686.whl", hash = "sha256:bb6b86cfdfc503e92cb71c68766a24565359136961642504a7cc9faf936d9c88"},
    {file = "bitarray-2.9.2-cp37-cp37m-musllinux_1_1_aarch64.whl", hash = "sha256:cd56b8ae87ebc71bcacbd73615098e8a8de952ecbb5785b6b4e2b07da8a06e1f"},
    {file = "bitarray-2.9.2-cp37-cp37m-musllinux_1_1_i686.whl", hash = "sha256:3fa909cfd675004aed8b4cc9df352415933656e0155a6209d878b7cb615c787e"},
    {file = "bitarray-2.9.2-cp37-cp37m-musllinux_1_1_ppc64le.whl", hash = "sha256:b069ca9bf728e0c5c5b60e00a89df9af34cc170c695c3bfa3b372d8f40288efb"},
    {file = "bitarray-2.9.2-cp37-cp37m-musllinux_1_1_s390x.whl", hash = "sha256:6067f2f07a7121749858c7daa93c8774325c91590b3e81a299621e347740c2ae"},
    {file = "bitarray-2.9.2-cp37-cp37m-musllinux_1_1_x86_64.whl", hash = "sha256:321841cdad1dd0f58fe62e80e9c9c7531f8ebf8be93f047401e930dc47425b1e"},
    {file = "bitarray-2.9.2-cp37-cp37m-win32.whl", hash = "sha256:54e16e32e60973bb83c315de9975bc1bcfc9bd50bb13001c31da159bc49b0ca1"},
    {file = "bitarray-2.9.2-cp37-cp37m-win_amd64.whl", hash = "sha256:f4dcadb7b8034aa3491ee8f5a69b3d9ba9d7d1e55c3cc1fc45be313e708277f8"},
    {file = "bitarray-2.9.2-cp38-cp38-macosx_10_9_universal2.whl", hash = "sha256:c8919fdbd3bb596b104388b56ae4b266eb28da1f2f7dff2e1f9334a21840fe96"},
    {file = "bitarray-2.9.2-cp38-cp38-macosx_10_9_x86_64.whl", hash = "sha256:eb7a9d8a2e400a1026de341ad48e21670a6261a75b06df162c5c39b0d0e7c8f4"},
    {file = "bitarray-2.9.2-cp38-cp38-macosx_11_0_arm64.whl", hash = "sha256:6ec84668dd7b937874a2b2c293cd14ba84f37be0d196dead852e0ada9815d807"},
    {file = "bitarray-2.9.2-cp38-cp38-manylinux_2_17_aarch64.manylinux2014_aarch64.whl", hash = "sha256:f2de9a31c34e543ae089fd2a5ced01292f725190e379921384f695e2d7184bd3"},
    {file = "bitarray-2.9.2-cp38-cp38-manylinux_2_17_ppc64le.manylinux2014_ppc64le.whl", hash = "sha256:9521f49ae121a17c0a41e5112249e6fa7f6a571245b1118de81fb86e7c1bc1ce"},
    {file = "bitarray-2.9.2-cp38-cp38-manylinux_2_17_s390x.manylinux2014_s390x.whl", hash = "sha256:a6cc6545d6d76542aee3d18c1c9485fb7b9812b8df4ebe52c4535ec42081b48f"},
    {file = "bitarray-2.9.2-cp38-cp38-manylinux_2_17_x86_64.manylinux2014_x86_64.whl", hash = "sha256:856bbe1616425f71c0df5ef2e8755e878d9504d5a531acba58ab4273c52c117a"},
    {file = "bitarray-2.9.2-cp38-cp38-manylinux_2_5_i686.manylinux1_i686.manylinux_2_17_i686.manylinux2014_i686.whl", hash = "sha256:d4bba8042ea6ab331ade91bc435d81ad72fddb098e49108610b0ce7780c14e68"},
    {file = "bitarray-2.9.2-cp38-cp38-musllinux_1_1_aarch64.whl", hash = "sha256:a035da89c959d98afc813e3c62f052690d67cfd55a36592f25d734b70de7d4b0"},
    {file = "bitarray-2.9.2-cp38-cp38-musllinux_1_1_i686.whl", hash = "sha256:6d70b1579da7fb71be5a841a1f965d19aca0ef27f629cfc07d06b09aafd0a333"},
    {file = "bitarray-2.9.2-cp38-cp38-musllinux_1_1_ppc64le.whl", hash = "sha256:405b83bed28efaae6d86b6ab287c75712ead0adbfab2a1075a1b7ab47dad4d62"},
    {file = "bitarray-2.9.2-cp38-cp38-musllinux_1_1_s390x.whl", hash = "sha256:7eb8be687c50da0b397d5e0ab7ca200b5ebb639e79a9f5e285851d1944c94be9"},
    {file = "bitarray-2.9.2-cp38-cp38-musllinux_1_1_x86_64.whl", hash = "sha256:eceb551dfeaf19c609003a69a0cf8264b0efd7abc3791a11dfabf4788daf0d19"},
    {file = "bitarray-2.9.2-cp38-cp38-win32.whl", hash = "sha256:bb198c6ed1edbcdaf3d1fa3c9c9d1cdb7e179a5134ef5ee660b53cdec43b34e7"},
    {file = "bitarray-2.9.2-cp38-cp38-win_amd64.whl", hash = "sha256:648d2f2685590b0103c67a937c2fb9e09bcc8dfb166f0c7c77bd341902a6f5b3"},
    {file = "bitarray-2.9.2-cp39-cp39-macosx_10_9_universal2.whl", hash = "sha256:ea816dc8f8e65841a8bbdd30e921edffeeb6f76efe6a1eb0da147b60d539d1cf"},
    {file = "bitarray-2.9.2-cp39-cp39-macosx_10_9_x86_64.whl", hash = "sha256:4d0e32530f941c41eddfc77600ec89b65184cb909c549336463a738fab3ed285"},
    {file = "bitarray-2.9.2-cp39-cp39-macosx_11_0_arm64.whl", hash = "sha256:4a22266fb416a3b6c258bf7f83c9fe531ba0b755a56986a81ad69dc0f3bcc070"},
    {file = "bitarray-2.9.2-cp39-cp39-manylinux_2_17_aarch64.manylinux2014_aarch64.whl", hash = "sha256:fc6d3e80dd8239850f2604833ff3168b28909c8a9357abfed95632cccd17e3e7"},
    {file = "bitarray-2.9.2-cp39-cp39-manylinux_2_17_ppc64le.manylinux2014_ppc64le.whl", hash = "sha256:f135e804986b12bf14f2cd1eb86674c47dea86c4c5f0fa13c88978876b97ebe6"},
    {file = "bitarray-2.9.2-cp39-cp39-manylinux_2_17_s390x.manylinux2014_s390x.whl", hash = "sha256:87580c7f7d14f7ec401eda7adac1e2a25e95153e9c339872c8ae61b3208819a1"},
    {file = "bitarray-2.9.2-cp39-cp39-manylinux_2_17_x86_64.manylinux2014_x86_64.whl", hash = "sha256:64b433e26993127732ac7b66a7821b2537c3044355798de7c5fcb0af34b8296f"},
    {file = "bitarray-2.9.2-cp39-cp39-manylinux_2_5_i686.manylinux1_i686.manylinux_2_17_i686.manylinux2014_i686.whl", hash = "sha256:1e497c535f2a9b68c69d36631bf2dba243e05eb343b00b9c7bbdc8c601c6802d"},
    {file = "bitarray-2.9.2-cp39-cp39-musllinux_1_1_aarch64.whl", hash = "sha256:e40b3cb9fa1edb4e0175d7c06345c49c7925fe93e39ef55ecb0bc40c906b0c09"},
    {file = "bitarray-2.9.2-cp39-cp39-musllinux_1_1_i686.whl", hash = "sha256:f2f8692f95c9e377eb19ca519d30d1f884b02feb7e115f798de47570a359e43f"},
    {file = "bitarray-2.9.2-cp39-cp39-musllinux_1_1_ppc64le.whl", hash = "sha256:f0b84fc50b6dbeced4fa390688c07c10a73222810fb0e08392bd1a1b8259de36"},
    {file = "bitarray-2.9.2-cp39-cp39-musllinux_1_1_s390x.whl", hash = "sha256:d656ad38c942e38a470ddbce26b5020e08e1a7ea86b8fd413bb9024b5189993a"},
    {file = "bitarray-2.9.2-cp39-cp39-musllinux_1_1_x86_64.whl", hash = "sha256:6ab0f1dbfe5070db98771a56aa14797595acd45a1af9eadfb193851a270e7996"},
    {file = "bitarray-2.9.2-cp39-cp39-win32.whl", hash = "sha256:0a99b23ac845a9ea3157782c97465e6ae026fe0c7c4c1ed1d88f759fd6ea52d9"},
    {file = "bitarray-2.9.2-cp39-cp39-win_amd64.whl", hash = "sha256:9bbcfc7c279e8d74b076e514e669b683f77b4a2a328585b3f16d4c5259c91222"},
    {file = "bitarray-2.9.2-pp310-pypy310_pp73-macosx_10_9_x86_64.whl", hash = "sha256:43847799461d8ba71deb4d97b47250c2c2fb66d82cd3cb8b4caf52bb97c03034"},
    {file = "bitarray-2.9.2-pp310-pypy310_pp73-manylinux_2_17_aarch64.manylinux2014_aarch64.whl", hash = "sha256:f4f44381b0a4bdf64416082f4f0e7140377ae962c0ced6f983c6d7bbfc034040"},
    {file = "bitarray-2.9.2-pp310-pypy310_pp73-manylinux_2_17_x86_64.manylinux2014_x86_64.whl", hash = "sha256:a484061616fb4b158b80789bd3cb511f399d2116525a8b29b6334c68abc2310f"},
    {file = "bitarray-2.9.2-pp310-pypy310_pp73-manylinux_2_5_i686.manylinux1_i686.manylinux_2_17_i686.manylinux2014_i686.whl", hash = "sha256:1ff9e38356cc803e06134cf8ae9758e836ccd1b793135ef3db53c7c5d71e93bc"},
    {file = "bitarray-2.9.2-pp310-pypy310_pp73-win_amd64.whl", hash = "sha256:b44105792fbdcfbda3e26ee88786790fda409da4c71f6c2b73888108cf8f062f"},
    {file = "bitarray-2.9.2-pp37-pypy37_pp73-macosx_10_9_x86_64.whl", hash = "sha256:7e913098de169c7fc890638ce5e171387363eb812579e637c44261460ac00aa2"},
    {file = "bitarray-2.9.2-pp37-pypy37_pp73-manylinux_2_17_aarch64.manylinux2014_aarch64.whl", hash = "sha256:d6fe315355cdfe3ed22ef355b8bdc81a805ca4d0949d921576560e5b227a1112"},
    {file = "bitarray-2.9.2-pp37-pypy37_pp73-manylinux_2_17_x86_64.manylinux2014_x86_64.whl", hash = "sha256:f708e91fdbe443f3bec2df394ed42328fb9b0446dff5cb4199023ac6499e09fd"},
    {file = "bitarray-2.9.2-pp37-pypy37_pp73-manylinux_2_5_i686.manylinux1_i686.manylinux_2_17_i686.manylinux2014_i686.whl", hash = "sha256:5b7b09489b71f9f1f64c0fa0977e250ec24500767dab7383ba9912495849cadf"},
    {file = "bitarray-2.9.2-pp37-pypy37_pp73-win_amd64.whl", hash = "sha256:128cc3488176145b9b137fdcf54c1c201809bbb8dd30b260ee40afe915843b43"},
    {file = "bitarray-2.9.2-pp38-pypy38_pp73-macosx_10_9_x86_64.whl", hash = "sha256:21f21e7f56206be346bdbda2a6bdb2165a5e6a11821f88fd4911c5a6bbbdc7e2"},
    {file = "bitarray-2.9.2-pp38-pypy38_pp73-manylinux_2_17_aarch64.manylinux2014_aarch64.whl", hash = "sha256:5f4dd3af86dd8a617eb6464622fb64ca86e61ce99b59b5c35d8cd33f9c30603d"},
    {file = "bitarray-2.9.2-pp38-pypy38_pp73-manylinux_2_17_x86_64.manylinux2014_x86_64.whl", hash = "sha256:6465de861aff7a2559f226b37982007417eab8c3557543879987f58b453519bd"},
    {file = "bitarray-2.9.2-pp38-pypy38_pp73-manylinux_2_5_i686.manylinux1_i686.manylinux_2_17_i686.manylinux2014_i686.whl", hash = "sha256:dbaf2bb71d6027152d603f1d5f31e0dfd5e50173d06f877bec484e5396d4594b"},
    {file = "bitarray-2.9.2-pp38-pypy38_pp73-win_amd64.whl", hash = "sha256:2f32948c86e0d230a296686db28191b67ed229756f84728847daa0c7ab7406e3"},
    {file = "bitarray-2.9.2-pp39-pypy39_pp73-macosx_10_9_x86_64.whl", hash = "sha256:be94e5a685e60f9d24532af8fe5c268002e9016fa80272a94727f435de3d1003"},
    {file = "bitarray-2.9.2-pp39-pypy39_pp73-manylinux_2_17_aarch64.manylinux2014_aarch64.whl", hash = "sha256:a5cc9381fd54f3c23ae1039f977bfd6d041a5c3c1518104f616643c3a5a73b15"},
    {file = "bitarray-2.9.2-pp39-pypy39_pp73-manylinux_2_17_x86_64.manylinux2014_x86_64.whl", hash = "sha256:cd926e8ae4d1ed1ac4a8f37212a62886292f692bc1739fde98013bf210c2d175"},
    {file = "bitarray-2.9.2-pp39-pypy39_pp73-manylinux_2_5_i686.manylinux1_i686.manylinux_2_17_i686.manylinux2014_i686.whl", hash = "sha256:461a3dafb9d5fda0bb3385dc507d78b1984b49da3fe4c6d56c869a54373b7008"},
    {file = "bitarray-2.9.2-pp39-pypy39_pp73-win_amd64.whl", hash = "sha256:393cb27fd859af5fd9c16eb26b1c59b17b390ff66b3ae5d0dd258270191baf13"},
    {file = "bitarray-2.9.2.tar.gz", hash = "sha256:a8f286a51a32323715d77755ed959f94bef13972e9a2fe71b609e40e6d27957e"},
]

[[package]]
name = "bitstring"
version = "4.2.3"
description = "Simple construction, analysis and modification of binary data."
optional = false
python-versions = ">=3.8"
files = [
    {file = "bitstring-4.2.3-py3-none-any.whl", hash = "sha256:20ed0036e2fcf0323acb0f92f0b7b178516a080f3e91061470aa019ac4ede404"},
    {file = "bitstring-4.2.3.tar.gz", hash = "sha256:e0c447af3fda0d114f77b88c2d199f02f97ee7e957e6d719f40f41cf15fbb897"},
]

[package.dependencies]
bitarray = ">=2.9.0,<3.0.0"

[[package]]
name = "black"
version = "24.8.0"
description = "The uncompromising code formatter."
optional = false
python-versions = ">=3.8"
files = [
    {file = "black-24.8.0-cp310-cp310-macosx_10_9_x86_64.whl", hash = "sha256:09cdeb74d494ec023ded657f7092ba518e8cf78fa8386155e4a03fdcc44679e6"},
    {file = "black-24.8.0-cp310-cp310-macosx_11_0_arm64.whl", hash = "sha256:81c6742da39f33b08e791da38410f32e27d632260e599df7245cccee2064afeb"},
    {file = "black-24.8.0-cp310-cp310-manylinux_2_17_x86_64.manylinux2014_x86_64.manylinux_2_28_x86_64.whl", hash = "sha256:707a1ca89221bc8a1a64fb5e15ef39cd755633daa672a9db7498d1c19de66a42"},
    {file = "black-24.8.0-cp310-cp310-win_amd64.whl", hash = "sha256:d6417535d99c37cee4091a2f24eb2b6d5ec42b144d50f1f2e436d9fe1916fe1a"},
    {file = "black-24.8.0-cp311-cp311-macosx_10_9_x86_64.whl", hash = "sha256:fb6e2c0b86bbd43dee042e48059c9ad7830abd5c94b0bc518c0eeec57c3eddc1"},
    {file = "black-24.8.0-cp311-cp311-macosx_11_0_arm64.whl", hash = "sha256:837fd281f1908d0076844bc2b801ad2d369c78c45cf800cad7b61686051041af"},
    {file = "black-24.8.0-cp311-cp311-manylinux_2_17_x86_64.manylinux2014_x86_64.manylinux_2_28_x86_64.whl", hash = "sha256:62e8730977f0b77998029da7971fa896ceefa2c4c4933fcd593fa599ecbf97a4"},
    {file = "black-24.8.0-cp311-cp311-win_amd64.whl", hash = "sha256:72901b4913cbac8972ad911dc4098d5753704d1f3c56e44ae8dce99eecb0e3af"},
    {file = "black-24.8.0-cp312-cp312-macosx_10_9_x86_64.whl", hash = "sha256:7c046c1d1eeb7aea9335da62472481d3bbf3fd986e093cffd35f4385c94ae368"},
    {file = "black-24.8.0-cp312-cp312-macosx_11_0_arm64.whl", hash = "sha256:649f6d84ccbae73ab767e206772cc2d7a393a001070a4c814a546afd0d423aed"},
    {file = "black-24.8.0-cp312-cp312-manylinux_2_17_x86_64.manylinux2014_x86_64.manylinux_2_28_x86_64.whl", hash = "sha256:2b59b250fdba5f9a9cd9d0ece6e6d993d91ce877d121d161e4698af3eb9c1018"},
    {file = "black-24.8.0-cp312-cp312-win_amd64.whl", hash = "sha256:6e55d30d44bed36593c3163b9bc63bf58b3b30e4611e4d88a0c3c239930ed5b2"},
    {file = "black-24.8.0-cp38-cp38-macosx_10_9_x86_64.whl", hash = "sha256:505289f17ceda596658ae81b61ebbe2d9b25aa78067035184ed0a9d855d18afd"},
    {file = "black-24.8.0-cp38-cp38-macosx_11_0_arm64.whl", hash = "sha256:b19c9ad992c7883ad84c9b22aaa73562a16b819c1d8db7a1a1a49fb7ec13c7d2"},
    {file = "black-24.8.0-cp38-cp38-manylinux_2_17_x86_64.manylinux2014_x86_64.manylinux_2_28_x86_64.whl", hash = "sha256:1f13f7f386f86f8121d76599114bb8c17b69d962137fc70efe56137727c7047e"},
    {file = "black-24.8.0-cp38-cp38-win_amd64.whl", hash = "sha256:f490dbd59680d809ca31efdae20e634f3fae27fba3ce0ba3208333b713bc3920"},
    {file = "black-24.8.0-cp39-cp39-macosx_10_9_x86_64.whl", hash = "sha256:eab4dd44ce80dea27dc69db40dab62d4ca96112f87996bca68cd75639aeb2e4c"},
    {file = "black-24.8.0-cp39-cp39-macosx_11_0_arm64.whl", hash = "sha256:3c4285573d4897a7610054af5a890bde7c65cb466040c5f0c8b732812d7f0e5e"},
    {file = "black-24.8.0-cp39-cp39-manylinux_2_17_x86_64.manylinux2014_x86_64.manylinux_2_28_x86_64.whl", hash = "sha256:9e84e33b37be070ba135176c123ae52a51f82306def9f7d063ee302ecab2cf47"},
    {file = "black-24.8.0-cp39-cp39-win_amd64.whl", hash = "sha256:73bbf84ed136e45d451a260c6b73ed674652f90a2b3211d6a35e78054563a9bb"},
    {file = "black-24.8.0-py3-none-any.whl", hash = "sha256:972085c618ee94f402da1af548a4f218c754ea7e5dc70acb168bfaca4c2542ed"},
    {file = "black-24.8.0.tar.gz", hash = "sha256:2500945420b6784c38b9ee885af039f5e7471ef284ab03fa35ecdde4688cd83f"},
]

[package.dependencies]
click = ">=8.0.0"
mypy-extensions = ">=0.4.3"
packaging = ">=22.0"
pathspec = ">=0.9.0"
platformdirs = ">=2"

[package.extras]
colorama = ["colorama (>=0.4.3)"]
d = ["aiohttp (>=3.7.4)", "aiohttp (>=3.7.4,!=3.9.0)"]
jupyter = ["ipython (>=7.8.0)", "tokenize-rt (>=3.2.0)"]
uvloop = ["uvloop (>=0.15.2)"]

[[package]]
name = "click"
version = "8.1.7"
description = "Composable command line interface toolkit"
optional = false
python-versions = ">=3.7"
files = [
    {file = "click-8.1.7-py3-none-any.whl", hash = "sha256:ae74fb96c20a0277a1d615f1e4d73c8414f5a98db8b799a7931d1582f3390c28"},
    {file = "click-8.1.7.tar.gz", hash = "sha256:ca9853ad459e787e2192211578cc907e7594e294c7ccc834310722b41b9ca6de"},
]

[package.dependencies]
colorama = {version = "*", markers = "platform_system == \"Windows\""}

[[package]]
name = "colorama"
version = "0.4.6"
description = "Cross-platform colored terminal text."
optional = false
python-versions = "!=3.0.*,!=3.1.*,!=3.2.*,!=3.3.*,!=3.4.*,!=3.5.*,!=3.6.*,>=2.7"
files = [
    {file = "colorama-0.4.6-py2.py3-none-any.whl", hash = "sha256:4f1d9991f5acc0ca119f9d443620b77f9d6b33703e51011c16baf57afb285fc6"},
    {file = "colorama-0.4.6.tar.gz", hash = "sha256:08695f5cb7ed6e0531a20572697297273c47b8cae5a63ffc6d6ed5c201be6e44"},
]

[[package]]
name = "fastcrc"
version = "0.3.0"
description = "A hyper-fast Python module for computing CRC(8, 16, 32, 64) checksum"
optional = false
python-versions = ">=3.7"
files = [
    {file = "fastcrc-0.3.0-cp310-cp310-manylinux_2_17_aarch64.manylinux2014_aarch64.whl", hash = "sha256:a0470d8eb7d477759a17f01d257ca54221d2e966618aeb13d38affa7c97f422a"},
    {file = "fastcrc-0.3.0-cp310-cp310-manylinux_2_17_armv7l.manylinux2014_armv7l.whl", hash = "sha256:04f0640af0d358fb77862b43c831db71b0c55099cc8c8c0e6d254ef4eb752415"},
    {file = "fastcrc-0.3.0-cp310-cp310-manylinux_2_17_ppc64le.manylinux2014_ppc64le.whl", hash = "sha256:dcf9c7e484337eb81e01fddd00fd877c1d1f2f58caff32728d9d8d710449f846"},
    {file = "fastcrc-0.3.0-cp310-cp310-manylinux_2_17_s390x.manylinux2014_s390x.whl", hash = "sha256:2e8fb45fa8b8a54c76b12300b88ff7465fbe9ffc7446055d82d18c4b5ea67419"},
    {file = "fastcrc-0.3.0-cp310-cp310-manylinux_2_17_x86_64.manylinux2014_x86_64.whl", hash = "sha256:b37e925c985ae4b6a26ce9cff4505d2e441aba357efa84b700d477ae80ce7603"},
    {file = "fastcrc-0.3.0-cp310-cp310-manylinux_2_5_i686.manylinux1_i686.whl", hash = "sha256:254bf3f4c22d9d81f2119ff09c50376f74f99a9a7990f072992153df431426fd"},
    {file = "fastcrc-0.3.0-cp310-none-win32.whl", hash = "sha256:d676759e2ec55aeda2b9e18866bab06f62782f9b921bc979ab944b4475df76cb"},
    {file = "fastcrc-0.3.0-cp310-none-win_amd64.whl", hash = "sha256:6f95ea80ff0d1d04f15bb6e2725b44196a2b34ce67d23d6fba506838fe37b8d7"},
    {file = "fastcrc-0.3.0-cp311-cp311-macosx_10_12_x86_64.whl", hash = "sha256:497424ad3adfa8f2bd6cd47b2e0778148a94968e9e30978aca17711f8f3b4dd8"},
    {file = "fastcrc-0.3.0-cp311-cp311-macosx_11_0_arm64.whl", hash = "sha256:f233d6480fce1e359698e4f41f4db1e9c1c9f34669f2fd237a85129527e83d15"},
    {file = "fastcrc-0.3.0-cp311-cp311-manylinux_2_17_aarch64.manylinux2014_aarch64.whl", hash = "sha256:70f895c4b4c8cb2c9438a61d60fac5bbbfa7f5a32f63ade8b0afcb0bc7ebc7ef"},
    {file = "fastcrc-0.3.0-cp311-cp311-manylinux_2_17_armv7l.manylinux2014_armv7l.whl", hash = "sha256:657e7ba563e3904ce5af5bd4c26fe15c6b57a973ab28a82baacc305b243abe0a"},
    {file = "fastcrc-0.3.0-cp311-cp311-manylinux_2_17_ppc64le.manylinux2014_ppc64le.whl", hash = "sha256:b072a71e042c5e3c7f8f10a6787be293825982d3e35edc3cb4ae7ba8175a6e70"},
    {file = "fastcrc-0.3.0-cp311-cp311-manylinux_2_17_s390x.manylinux2014_s390x.whl", hash = "sha256:087057342cd43a97ffe640ed0b453a3719cf43cadcdde38c9b3ee15a89b11859"},
    {file = "fastcrc-0.3.0-cp311-cp311-manylinux_2_17_x86_64.manylinux2014_x86_64.whl", hash = "sha256:f6f1d5270ecd2254c60e94700e5d88ac1d0afe9084fa2eb80453de44a3ebae0c"},
    {file = "fastcrc-0.3.0-cp311-cp311-manylinux_2_5_i686.manylinux1_i686.whl", hash = "sha256:a1991f35ab89809cb760a7ec60d51cc39b150841ca8c620ddef30e56f65844f0"},
    {file = "fastcrc-0.3.0-cp311-none-win32.whl", hash = "sha256:a81c5615ac1a633adf7180e76d35dbbc2406acb93cab1bc48ea1e65cb0e645bc"},
    {file = "fastcrc-0.3.0-cp311-none-win_amd64.whl", hash = "sha256:368d7df2131305781a9459d418c5a3885ba32a5312132afc803e374d122d4e9b"},
    {file = "fastcrc-0.3.0-cp312-cp312-macosx_10_12_x86_64.whl", hash = "sha256:c2a7b827dff62f7aa94219cc79719087db3bb9e59b302a79989cffc6417a1f19"},
    {file = "fastcrc-0.3.0-cp312-cp312-macosx_11_0_arm64.whl", hash = "sha256:3ae8898aa6f6c99c496f2d6f0426727be66b5391c0ee06c88e405b80dadb35ec"},
    {file = "fastcrc-0.3.0-cp312-cp312-manylinux_2_17_aarch64.manylinux2014_aarch64.whl", hash = "sha256:4e3b2fe0abe02ca87089439fe5a076eed442afe8b649012a19e784c330c76779"},
    {file = "fastcrc-0.3.0-cp312-cp312-manylinux_2_17_armv7l.manylinux2014_armv7l.whl", hash = "sha256:9a8cdd92bd014db7d8c27de956b20a22b9a1157a1e2471a688b2e6aebf21a086"},
    {file = "fastcrc-0.3.0-cp312-cp312-manylinux_2_17_ppc64le.manylinux2014_ppc64le.whl", hash = "sha256:426e462b4c60daa6f5afd4a31de0cd48b1d9930ab28ab64231cd6dd5c2226747"},
    {file = "fastcrc-0.3.0-cp312-cp312-manylinux_2_17_s390x.manylinux2014_s390x.whl", hash = "sha256:a1f4f3f1322c05ca84bae6fa234c119a8f05fde5d13414c5b148e1ff90a89181"},
    {file = "fastcrc-0.3.0-cp312-cp312-manylinux_2_17_x86_64.manylinux2014_x86_64.whl", hash = "sha256:85131d9435e16b579c1227230dd1ae2bb649a12642e55b5a95092f718efee91c"},
    {file = "fastcrc-0.3.0-cp312-cp312-manylinux_2_5_i686.manylinux1_i686.whl", hash = "sha256:57deab4c31ac2b8cf7c3fe58488b63fabab352bc383519b0277144ca27f21882"},
    {file = "fastcrc-0.3.0-cp312-none-win32.whl", hash = "sha256:3e5deb32cf3073dee8a742e985e0b12737eae95040dea2ca38bc7efe29bcd2b1"},
    {file = "fastcrc-0.3.0-cp312-none-win_amd64.whl", hash = "sha256:8c390905fcec5e63de691b58e092dc3964a3c72ca1bb361da498fcddc84aeb86"},
    {file = "fastcrc-0.3.0-cp313-cp313-manylinux_2_17_aarch64.manylinux2014_aarch64.whl", hash = "sha256:8d320e8f3fb0ebee4226d2aca1a12d3b19de66355d4e44184fd4828449c019f3"},
    {file = "fastcrc-0.3.0-cp313-cp313-manylinux_2_17_armv7l.manylinux2014_armv7l.whl", hash = "sha256:82f5bbed607fcf39024335916190fc4990a208cfd92dd916d70b31ecc9122014"},
    {file = "fastcrc-0.3.0-cp313-cp313-manylinux_2_17_ppc64le.manylinux2014_ppc64le.whl", hash = "sha256:f354a0859f0b6f42538bdf7699eb68c22e352a1c798e92379c0ee047cfd81817"},
    {file = "fastcrc-0.3.0-cp313-cp313-manylinux_2_17_s390x.manylinux2014_s390x.whl", hash = "sha256:792b168e133b24d437c6d909a870ddc14c9e0249e36f601a1f3e0c063c8e9417"},
    {file = "fastcrc-0.3.0-cp37-cp37m-manylinux_2_17_aarch64.manylinux2014_aarch64.whl", hash = "sha256:7ae32c512b26f41d32dc1cf3ce36350078cef854e1cbf35c3414b27a742a6033"},
    {file = "fastcrc-0.3.0-cp37-cp37m-manylinux_2_17_armv7l.manylinux2014_armv7l.whl", hash = "sha256:9598651d86b38d51b01bdcd34c88074ad1b9d4f87a81f738e2411e72b73f3b70"},
    {file = "fastcrc-0.3.0-cp37-cp37m-manylinux_2_17_ppc64le.manylinux2014_ppc64le.whl", hash = "sha256:ebd35fc5fd7a76c67e6db10a46cbeaa0c60b3bc0dbf43106483941a8ac8a2e78"},
    {file = "fastcrc-0.3.0-cp37-cp37m-manylinux_2_17_s390x.manylinux2014_s390x.whl", hash = "sha256:93277528611a5eddcd3513d878db45e89476bee988c045d08761954295964f4b"},
    {file = "fastcrc-0.3.0-cp37-cp37m-manylinux_2_17_x86_64.manylinux2014_x86_64.whl", hash = "sha256:21e8504b6e29a17a5b10456ba36d9111856bb3308c5ae65750014af0ba153993"},
    {file = "fastcrc-0.3.0-cp37-cp37m-manylinux_2_5_i686.manylinux1_i686.whl", hash = "sha256:d309e2cbfec9861e254e5b94d001ae12d1c8bcd610b8100f58096198791a4846"},
    {file = "fastcrc-0.3.0-cp37-none-win32.whl", hash = "sha256:c409b54135be11e35e2f9f74bd84aa20a66ad4f0b0a0cdf7f18e614a94148dc4"},
    {file = "fastcrc-0.3.0-cp37-none-win_amd64.whl", hash = "sha256:287ccb6ce92651824f6ecb4b4d4cca94e94a8433f397c74fbf780ebf174257ed"},
    {file = "fastcrc-0.3.0-cp38-cp38-manylinux_2_17_aarch64.manylinux2014_aarch64.whl", hash = "sha256:a24331203bf8de8d022899d5d8d1e40eec78a5a32fda9864792a3847668a93dd"},
    {file = "fastcrc-0.3.0-cp38-cp38-manylinux_2_17_armv7l.manylinux2014_armv7l.whl", hash = "sha256:9a1694319ed051023403e90a208bf7a7183d6a2b717b0b25d3c3f8c9d76b9dc1"},
    {file = "fastcrc-0.3.0-cp38-cp38-manylinux_2_17_ppc64le.manylinux2014_ppc64le.whl", hash = "sha256:471eb998dded03d869850c2551ff64dd2e778f9fe018d36eebcc5479b429ca13"},
    {file = "fastcrc-0.3.0-cp38-cp38-manylinux_2_17_s390x.manylinux2014_s390x.whl", hash = "sha256:a304a722060bbe4a7ff8e059e559d0edece98112983c9597a225c09f92a2a8aa"},
    {file = "fastcrc-0.3.0-cp38-cp38-manylinux_2_17_x86_64.manylinux2014_x86_64.whl", hash = "sha256:b1d90bf1191cb977add91ebbd2699cad759082b8293edb1abd3289ddbf6699e9"},
    {file = "fastcrc-0.3.0-cp38-cp38-manylinux_2_5_i686.manylinux1_i686.whl", hash = "sha256:987630caff0051353cdce73191273623a7558b260eb9b5b0fee9612f1d80d83f"},
    {file = "fastcrc-0.3.0-cp38-none-win32.whl", hash = "sha256:d3999174a205681cdfa860da38feb65aaa75a09ad622fa8466a339ac01ff3598"},
    {file = "fastcrc-0.3.0-cp38-none-win_amd64.whl", hash = "sha256:b7c4fdcbe5c8e05087e52e2cd43cb6e1d35b380e3f3c9b95682cb49aa478eaf5"},
    {file = "fastcrc-0.3.0-cp39-cp39-manylinux_2_17_aarch64.manylinux2014_aarch64.whl", hash = "sha256:4e7907a4d79aa370b6fe4c23836c05a7985c8ad6df26c333977fd0b2cfdbf301"},
    {file = "fastcrc-0.3.0-cp39-cp39-manylinux_2_17_armv7l.manylinux2014_armv7l.whl", hash = "sha256:851f2e99565fe44d9e02a98a3fe14d914feca59150d3d9f3f9cd96f8cc358cbe"},
    {file = "fastcrc-0.3.0-cp39-cp39-manylinux_2_17_ppc64le.manylinux2014_ppc64le.whl", hash = "sha256:8c2374a26b76081b02a018ae8c2a74e1d4d3570e128c89a83eb4209a1e6ee54a"},
    {file = "fastcrc-0.3.0-cp39-cp39-manylinux_2_17_s390x.manylinux2014_s390x.whl", hash = "sha256:4313038c176884b4feb9d730b47ae6b51b4295cc0cfa8297f8c737a8469b1a37"},
    {file = "fastcrc-0.3.0-cp39-cp39-manylinux_2_17_x86_64.manylinux2014_x86_64.whl", hash = "sha256:5260fa2a83143747acb94a481efa453ae8841f1a8f0b595edc2f1c5168ab924a"},
    {file = "fastcrc-0.3.0-cp39-cp39-manylinux_2_5_i686.manylinux1_i686.whl", hash = "sha256:aa192f0b5fa85474a0c5144e18ec894a39da6c7dd1e413237ed9126a74783509"},
    {file = "fastcrc-0.3.0-cp39-none-win32.whl", hash = "sha256:735c4bad52155eb84dba9e988a69297628c9f3ab5abbd21954733b1a27dff9a5"},
    {file = "fastcrc-0.3.0-cp39-none-win_amd64.whl", hash = "sha256:d8efe36ed89775e58435b6143e4df9e1d15cc6118f0ba75d6ea11e4c419b3e9a"},
    {file = "fastcrc-0.3.0-pp310-pypy310_pp73-manylinux_2_17_aarch64.manylinux2014_aarch64.whl", hash = "sha256:b09c6cf4cd583ec7d50aeaaed7441ae56b02896fb041e43b9266f378763195ca"},
    {file = "fastcrc-0.3.0-pp310-pypy310_pp73-manylinux_2_17_armv7l.manylinux2014_armv7l.whl", hash = "sha256:e836767b09422d0adb0e726e81291bba90b1500635f413a3c57b5a90f8d2c2b1"},
    {file = "fastcrc-0.3.0-pp310-pypy310_pp73-manylinux_2_17_ppc64le.manylinux2014_ppc64le.whl", hash = "sha256:16b961b3b87c84f547f4bdb0caa920bca323d68a7d7be26b32796b49c322e749"},
    {file = "fastcrc-0.3.0-pp310-pypy310_pp73-manylinux_2_17_s390x.manylinux2014_s390x.whl", hash = "sha256:f03c23100637a6e8760b2d0b1782d9b510721a57f94a0e62ae0649e6f8d673b6"},
    {file = "fastcrc-0.3.0-pp310-pypy310_pp73-manylinux_2_17_x86_64.manylinux2014_x86_64.whl", hash = "sha256:03d955c1fbdf60868a2127566963fcff27f48385a79976e4dc990f9d6da49b49"},
    {file = "fastcrc-0.3.0-pp310-pypy310_pp73-manylinux_2_5_i686.manylinux1_i686.whl", hash = "sha256:a893692017a694aa5eda1934b2b023b7d621149321a54c2edc0be463a5bec9ef"},
    {file = "fastcrc-0.3.0-pp37-pypy37_pp73-manylinux_2_17_aarch64.manylinux2014_aarch64.whl", hash = "sha256:d3ef7e88466735427d5c22829daf50e5b01ba2ad18bb40a1674692f201598639"},
    {file = "fastcrc-0.3.0-pp37-pypy37_pp73-manylinux_2_17_armv7l.manylinux2014_armv7l.whl", hash = "sha256:f482bf79a819ca9b92f91cd9155f60913759fc47344ac8c1ad2d2579b8c35625"},
    {file = "fastcrc-0.3.0-pp37-pypy37_pp73-manylinux_2_17_ppc64le.manylinux2014_ppc64le.whl", hash = "sha256:91153e32c810714bbd909443e406ce9e996d9d7af0195ebbdc6877315084828e"},
    {file = "fastcrc-0.3.0-pp37-pypy37_pp73-manylinux_2_17_s390x.manylinux2014_s390x.whl", hash = "sha256:54c8483cc2f08e99de1334d76e6d1f0bc02dde734672d6355bf1bf8bf74d9d4d"},
    {file = "fastcrc-0.3.0-pp37-pypy37_pp73-manylinux_2_17_x86_64.manylinux2014_x86_64.whl", hash = "sha256:72f51b275aa610b1c079d064373ee4a6937e698bd6f0eb4cc2da2168e15bd144"},
    {file = "fastcrc-0.3.0-pp37-pypy37_pp73-manylinux_2_5_i686.manylinux1_i686.whl", hash = "sha256:81de32735a3a322d6a62bf76e2731f7c97d01ff17d309a986d6eaa05ae727a43"},
    {file = "fastcrc-0.3.0-pp38-pypy38_pp73-manylinux_2_17_aarch64.manylinux2014_aarch64.whl", hash = "sha256:eff86710634eade8c2b49a89cc2a0e39cfd4823a57479f1c828f268f6351ae80"},
    {file = "fastcrc-0.3.0-pp38-pypy38_pp73-manylinux_2_17_armv7l.manylinux2014_armv7l.whl", hash = "sha256:4056b60dcde72b5b4bbf725e1b9f6095370fcc00f7a13dbc6ed00b2e3367f476"},
    {file = "fastcrc-0.3.0-pp38-pypy38_pp73-manylinux_2_17_ppc64le.manylinux2014_ppc64le.whl", hash = "sha256:a0a3cbd6a527b0fd0d9cbbd824886cd037a661c3a1c058363804fbd87a029973"},
    {file = "fastcrc-0.3.0-pp38-pypy38_pp73-manylinux_2_17_s390x.manylinux2014_s390x.whl", hash = "sha256:0ffb4fe893e3c936f5585e3d24b34d3fe71d441c120a7ee117e77c76e1bfd0dd"},
    {file = "fastcrc-0.3.0-pp38-pypy38_pp73-manylinux_2_17_x86_64.manylinux2014_x86_64.whl", hash = "sha256:6cdf20f9b3b500ef6b5ad39ed7809c06aa24e4b38e7f5d0ebb3188eb29b62c36"},
    {file = "fastcrc-0.3.0-pp38-pypy38_pp73-manylinux_2_5_i686.manylinux1_i686.whl", hash = "sha256:be9fcfecb32e3d86aeb866fa52f67408e7867726f61a281de61f6584e234c26f"},
    {file = "fastcrc-0.3.0-pp39-pypy39_pp73-manylinux_2_17_aarch64.manylinux2014_aarch64.whl", hash = "sha256:55953188c1f45ad053475318557ae56b1eaa3445e4d0af5e8d934b2a3c839a8e"},
    {file = "fastcrc-0.3.0-pp39-pypy39_pp73-manylinux_2_17_armv7l.manylinux2014_armv7l.whl", hash = "sha256:49cdd83f49763faa58186f32a2956777bd1e49cfa692bff6ab175fdd8ecf5260"},
    {file = "fastcrc-0.3.0-pp39-pypy39_pp73-manylinux_2_17_ppc64le.manylinux2014_ppc64le.whl", hash = "sha256:239219455077baa438ff3dfd31e25248f6b00a408c505d21a6bed69a792fae14"},
    {file = "fastcrc-0.3.0-pp39-pypy39_pp73-manylinux_2_17_s390x.manylinux2014_s390x.whl", hash = "sha256:e6bd5b3f87c21940f758852ab076e57239707c296f3e403b1bf9151dfb253e19"},
    {file = "fastcrc-0.3.0-pp39-pypy39_pp73-manylinux_2_17_x86_64.manylinux2014_x86_64.whl", hash = "sha256:f6ff8fe3ef9d5c3a306ed4afcad5a0e3905378b2291972976df4d1b9e6a05d15"},
    {file = "fastcrc-0.3.0-pp39-pypy39_pp73-manylinux_2_5_i686.manylinux1_i686.whl", hash = "sha256:131d0966b5fd4a467e94b83e6772cb9d27251cdfe55288cb974f5e415640fc6d"},
    {file = "fastcrc-0.3.0.tar.gz", hash = "sha256:4e2a75359d97a59469bbcbd77513e801d3f3666a9169629578f88012c0f2d7fe"},
]

[[package]]
name = "fire"
version = "0.6.0"
description = "A library for automatically generating command line interfaces."
optional = false
python-versions = "*"
files = [
    {file = "fire-0.6.0.tar.gz", hash = "sha256:54ec5b996ecdd3c0309c800324a0703d6da512241bc73b553db959d98de0aa66"},
]

[package.dependencies]
six = "*"
termcolor = "*"

[[package]]
name = "mypy-extensions"
version = "1.0.0"
description = "Type system extensions for programs checked with the mypy type checker."
optional = false
python-versions = ">=3.5"
files = [
    {file = "mypy_extensions-1.0.0-py3-none-any.whl", hash = "sha256:4392f6c0eb8a5668a69e23d168ffa70f0be9ccfd32b5cc2d26a34ae5b844552d"},
    {file = "mypy_extensions-1.0.0.tar.gz", hash = "sha256:75dbf8955dc00442a438fc4d0666508a9a97b6bd41aa2f0ffe9d2f2725af0782"},
]

[[package]]
name = "packaging"
version = "24.1"
description = "Core utilities for Python packages"
optional = false
python-versions = ">=3.8"
files = [
    {file = "packaging-24.1-py3-none-any.whl", hash = "sha256:5b8f2217dbdbd2f7f384c41c628544e6d52f2d0f53c6d0c3ea61aa5d1d7ff124"},
    {file = "packaging-24.1.tar.gz", hash = "sha256:026ed72c8ed3fcce5bf8950572258698927fd1dbda10a5e981cdf0ac37f4f002"},
]

[[package]]
name = "pathspec"
version = "0.12.1"
description = "Utility library for gitignore style pattern matching of file paths."
optional = false
python-versions = ">=3.8"
files = [
    {file = "pathspec-0.12.1-py3-none-any.whl", hash = "sha256:a0d503e138a4c123b27490a4f7beda6a01c6f288df0e4a8b79c7eb0dc7b4cc08"},
    {file = "pathspec-0.12.1.tar.gz", hash = "sha256:a482d51503a1ab33b1c67a6c3813a26953dbdc71c31dacaef9a838c4e29f5712"},
]

[[package]]
name = "platformdirs"
version = "4.2.2"
description = "A small Python package for determining appropriate platform-specific dirs, e.g. a `user data dir`."
optional = false
python-versions = ">=3.8"
files = [
    {file = "platformdirs-4.2.2-py3-none-any.whl", hash = "sha256:2d7a1657e36a80ea911db832a8a6ece5ee53d8de21edd5cc5879af6530b1bfee"},
    {file = "platformdirs-4.2.2.tar.gz", hash = "sha256:38b7b51f512eed9e84a22788b4bce1de17c0adb134d6becb09836e37d8654cd3"},
]

[package.extras]
docs = ["furo (>=2023.9.10)", "proselint (>=0.13)", "sphinx (>=7.2.6)", "sphinx-autodoc-typehints (>=1.25.2)"]
test = ["appdirs (==1.4.4)", "covdefaults (>=2.3)", "pytest (>=7.4.3)", "pytest-cov (>=4.1)", "pytest-mock (>=3.12)"]
type = ["mypy (>=1.8)"]

[[package]]
name = "six"
version = "1.16.0"
description = "Python 2 and 3 compatibility utilities"
optional = false
python-versions = ">=2.7, !=3.0.*, !=3.1.*, !=3.2.*"
files = [
    {file = "six-1.16.0-py2.py3-none-any.whl", hash = "sha256:8abb2f1d86890a2dfb989f9a77cfcfd3e47c2a354b01111771326f8aa26e0254"},
    {file = "six-1.16.0.tar.gz", hash = "sha256:1e61c37477a1626458e36f7b1d82aa5c9b094fa4802892072e49de9c60c4c926"},
]

[[package]]
name = "termcolor"
version = "2.4.0"
description = "ANSI color formatting for output in terminal"
optional = false
python-versions = ">=3.8"
files = [
    {file = "termcolor-2.4.0-py3-none-any.whl", hash = "sha256:9297c0df9c99445c2412e832e882a7884038a25617c60cea2ad69488d4040d63"},
    {file = "termcolor-2.4.0.tar.gz", hash = "sha256:aab9e56047c8ac41ed798fa36d892a37aca6b3e9159f3e0c24bc64a9b3ac7b7a"},
]

[package.extras]
tests = ["pytest", "pytest-cov"]

[metadata]
lock-version = "2.0"
python-versions = "^3.11"
content-hash = "0388cc275ecc916967f7b90b9a9f229ea02bce25b58d1c287d9eb2353e965d72"
